
Microsoft Visual Studio Solution File, Format Version 12.00
# Visual Studio Version 16
VisualStudioVersion = 16.0.31515.178
MinimumVisualStudioVersion = 10.0.40219.1
Project("{FAE04EC0-301F-11D3-BF4B-00C04F79EFBC}") = "Testwebapp", "Testwebapp.csproj", "{CFF7EC0F-D625-4E46-9ACF-11B7F2CA583D}"
EndProject
Global
	GlobalSection(SolutionConfigurationPlatforms) = preSolution
		Debug|Any CPU = Debug|Any CPU
		Release|Any CPU = Release|Any CPU
	EndGlobalSection
	GlobalSection(ProjectConfigurationPlatforms) = postSolution
		{CFF7EC0F-D625-4E46-9ACF-11B7F2CA583D}.Debug|Any CPU.ActiveCfg = Debug|Any CPU
		{CFF7EC0F-D625-4E46-9ACF-11B7F2CA583D}.Debug|Any CPU.Build.0 = Debug|Any CPU
		{CFF7EC0F-D625-4E46-9ACF-11B7F2CA583D}.Release|Any CPU.ActiveCfg = Release|Any CPU
		{CFF7EC0F-D625-4E46-9ACF-11B7F2CA583D}.Release|Any CPU.Build.0 = Release|Any CPU
	EndGlobalSection
	GlobalSection(SolutionProperties) = preSolution
		HideSolutionNode = FALSE
	EndGlobalSection
	GlobalSection(ExtensibilityGlobals) = postSolution
		SolutionGuid = {25356E08-67CB-456D-9C8C-D683026FCF5B}
	EndGlobalSection
EndGlobal
